
Microsoft Visual Studio Solution File, Format Version 12.00
# Visual Studio Version 16
VisualStudioVersion = 16.0.31729.503
MinimumVisualStudioVersion = 10.0.40219.1
Project("{FAE04EC0-301F-11D3-BF4B-00C04F79EFBC}") = "P3_1_1204039", "P3_1_1204039\P3_1_1204039.csproj", "{CFBF99EA-79FE-465A-A390-4FEA3246C66A}"
EndProject
Global
	GlobalSection(SolutionConfigurationPlatforms) = preSolution
		Debug|Any CPU = Debug|Any CPU
		Release|Any CPU = Release|Any CPU
	EndGlobalSection
	GlobalSection(ProjectConfigurationPlatforms) = postSolution
		{CFBF99EA-79FE-465A-A390-4FEA3246C66A}.Debug|Any CPU.ActiveCfg = Debug|Any CPU
		{CFBF99EA-79FE-465A-A390-4FEA3246C66A}.Debug|Any CPU.Build.0 = Debug|Any CPU
		{CFBF99EA-79FE-465A-A390-4FEA3246C66A}.Release|Any CPU.ActiveCfg = Release|Any CPU
		{CFBF99EA-79FE-465A-A390-4FEA3246C66A}.Release|Any CPU.Build.0 = Release|Any CPU
	EndGlobalSection
	GlobalSection(SolutionProperties) = preSolution
		HideSolutionNode = FALSE
	EndGlobalSection
	GlobalSection(ExtensibilityGlobals) = postSolution
		SolutionGuid = {5D7669AB-218B-4BF6-8A20-D946E6D1A528}
	EndGlobalSection
EndGlobal
